
Microsoft Visual Studio Solution File, Format Version 12.00
# Visual Studio Version 16
VisualStudioVersion = 16.0.31702.278
MinimumVisualStudioVersion = 10.0.40219.1
Project("{FAE04EC0-301F-11D3-BF4B-00C04F79EFBC}") = "Jewellery 01", "Jewellery 01.csproj", "{5D792B20-051D-406B-B493-7977E7616105}"
EndProject
Global
	GlobalSection(SolutionConfigurationPlatforms) = preSolution
		Debug|Any CPU = Debug|Any CPU
		Release|Any CPU = Release|Any CPU
	EndGlobalSection
	GlobalSection(ProjectConfigurationPlatforms) = postSolution
		{5D792B20-051D-406B-B493-7977E7616105}.Debug|Any CPU.ActiveCfg = Debug|Any CPU
		{5D792B20-051D-406B-B493-7977E7616105}.Debug|Any CPU.Build.0 = Debug|Any CPU
		{5D792B20-051D-406B-B493-7977E7616105}.Release|Any CPU.ActiveCfg = Release|Any CPU
		{5D792B20-051D-406B-B493-7977E7616105}.Release|Any CPU.Build.0 = Release|Any CPU
	EndGlobalSection
	GlobalSection(SolutionProperties) = preSolution
		HideSolutionNode = FALSE
	EndGlobalSection
	GlobalSection(ExtensibilityGlobals) = postSolution
		SolutionGuid = {54F09956-B4D6-4B4C-85BE-712EFB32FFEB}
	EndGlobalSection
EndGlobal
